Microsoft Visual Studio Solution File, Format Version 12.00
# Visual Studio Version 17
VisualStudioVersion = 17.5.2.0
MinimumVisualStudioVersion = 10.0.40219.1
Project("{FAE04EC0-301F-11D3-BF4B-00C04F79EFBC}") = "t9_2022630278_gu", "t9_2022630278_gu.csproj", "{58C268DD-E08D-7B9B-C453-6E0A0BA1EEC6}"
EndProject
Global
	GlobalSection(SolutionConfigurationPlatforms) = preSolution
		Debug|Any CPU = Debug|Any CPU
		Release|Any CPU = Release|Any CPU
	EndGlobalSection
	GlobalSection(ProjectConfigurationPlatforms) = postSolution
		{58C268DD-E08D-7B9B-C453-6E0A0BA1EEC6}.Debug|Any CPU.ActiveCfg = Debug|Any CPU
		{58C268DD-E08D-7B9B-C453-6E0A0BA1EEC6}.Debug|Any CPU.Build.0 = Debug|Any CPU
		{58C268DD-E08D-7B9B-C453-6E0A0BA1EEC6}.Release|Any CPU.ActiveCfg = Release|Any CPU
		{58C268DD-E08D-7B9B-C453-6E0A0BA1EEC6}.Release|Any CPU.Build.0 = Release|Any CPU
	EndGlobalSection
	GlobalSection(SolutionProperties) = preSolution
		HideSolutionNode = FALSE
	EndGlobalSection
	GlobalSection(ExtensibilityGlobals) = postSolution
		SolutionGuid = {32B46775-FDBD-482C-A750-622AABA4205C}
	EndGlobalSection
EndGlobal
