Microsoft Visual Studio Solution File, Format Version 12.00
# Visual Studio Version 17
VisualStudioVersion = 17.5.2.0
MinimumVisualStudioVersion = 10.0.40219.1
Project("{FAE04EC0-301F-11D3-BF4B-00C04F79EFBC}") = "t9_2022630278_ga", "t9_2022630278_ga.csproj", "{78EDA74C-6993-91F4-7CE0-8A58930E0717}"
EndProject
Global
	GlobalSection(SolutionConfigurationPlatforms) = preSolution
		Debug|Any CPU = Debug|Any CPU
		Release|Any CPU = Release|Any CPU
	EndGlobalSection
	GlobalSection(ProjectConfigurationPlatforms) = postSolution
		{78EDA74C-6993-91F4-7CE0-8A58930E0717}.Debug|Any CPU.ActiveCfg = Debug|Any CPU
		{78EDA74C-6993-91F4-7CE0-8A58930E0717}.Debug|Any CPU.Build.0 = Debug|Any CPU
		{78EDA74C-6993-91F4-7CE0-8A58930E0717}.Release|Any CPU.ActiveCfg = Release|Any CPU
		{78EDA74C-6993-91F4-7CE0-8A58930E0717}.Release|Any CPU.Build.0 = Release|Any CPU
	EndGlobalSection
	GlobalSection(SolutionProperties) = preSolution
		HideSolutionNode = FALSE
	EndGlobalSection
	GlobalSection(ExtensibilityGlobals) = postSolution
		SolutionGuid = {37012140-9A00-4F69-8B18-23BCF2D05140}
	EndGlobalSection
EndGlobal
